
Microsoft Visual Studio Solution File, Format Version 12.00
# Visual Studio Version 16
VisualStudioVersion = 16.0.31613.86
MinimumVisualStudioVersion = 10.0.40219.1
Project("{9A19103F-16F7-4668-BE54-9A1E7A4F7556}") = "TextFileConvert", "TextFileConvert\TextFileConvert.csproj", "{74F197CF-6465-0FAB-0D1E-1549AB5569EB}"
EndProject
Project("{9A19103F-16F7-4668-BE54-9A1E7A4F7556}") = "dos2ux", "dos2ux\dos2ux.csproj", "{183B492B-D612-00F6-38A4-41567E795BB0}"
EndProject
Project("{9A19103F-16F7-4668-BE54-9A1E7A4F7556}") = "ux2dos", "ux2dos\ux2dos.csproj", "{77B26D18-DA6C-0D6F-2054-070DB9FA75CC}"
EndProject
Project("{9A19103F-16F7-4668-BE54-9A1E7A4F7556}") = "TestLineEndingConversion", "TestLineEndingConversion\TestLineEndingConversion.csproj", "{4E4EEC2C-B0C1-0E27-3F0D-0C47296F3064}"
EndProject
Global
	GlobalSection(SolutionConfigurationPlatforms) = preSolution
		Debug|Any CPU = Debug|Any CPU
		Release|Any CPU = Release|Any CPU
	EndGlobalSection
	GlobalSection(ProjectConfigurationPlatforms) = postSolution
		{74F197CF-6465-0FAB-0D1E-1549AB5569EB}.Debug|Any CPU.ActiveCfg = Debug|Any CPU
		{74F197CF-6465-0FAB-0D1E-1549AB5569EB}.Debug|Any CPU.Build.0 = Debug|Any CPU
		{74F197CF-6465-0FAB-0D1E-1549AB5569EB}.Release|Any CPU.ActiveCfg = Release|Any CPU
		{74F197CF-6465-0FAB-0D1E-1549AB5569EB}.Release|Any CPU.Build.0 = Release|Any CPU
		{183B492B-D612-00F6-38A4-41567E795BB0}.Debug|Any CPU.ActiveCfg = Debug|Any CPU
		{183B492B-D612-00F6-38A4-41567E795BB0}.Debug|Any CPU.Build.0 = Debug|Any CPU
		{183B492B-D612-00F6-38A4-41567E795BB0}.Release|Any CPU.ActiveCfg = Release|Any CPU
		{183B492B-D612-00F6-38A4-41567E795BB0}.Release|Any CPU.Build.0 = Release|Any CPU
		{77B26D18-DA6C-0D6F-2054-070DB9FA75CC}.Debug|Any CPU.ActiveCfg = Debug|Any CPU
		{77B26D18-DA6C-0D6F-2054-070DB9FA75CC}.Debug|Any CPU.Build.0 = Debug|Any CPU
		{77B26D18-DA6C-0D6F-2054-070DB9FA75CC}.Release|Any CPU.ActiveCfg = Release|Any CPU
		{77B26D18-DA6C-0D6F-2054-070DB9FA75CC}.Release|Any CPU.Build.0 = Release|Any CPU
		{4E4EEC2C-B0C1-0E27-3F0D-0C47296F3064}.Debug|Any CPU.ActiveCfg = Debug|Any CPU
		{4E4EEC2C-B0C1-0E27-3F0D-0C47296F3064}.Debug|Any CPU.Build.0 = Debug|Any CPU
		{4E4EEC2C-B0C1-0E27-3F0D-0C47296F3064}.Release|Any CPU.ActiveCfg = Release|Any CPU
		{4E4EEC2C-B0C1-0E27-3F0D-0C47296F3064}.Release|Any CPU.Build.0 = Release|Any CPU
	EndGlobalSection
	GlobalSection(SolutionProperties) = preSolution
		HideSolutionNode = FALSE
	EndGlobalSection
	GlobalSection(ExtensibilityGlobals) = postSolution
		SolutionGuid = {F276CEC7-656F-404C-BB9F-FE0CC0739DAA}
	EndGlobalSection
EndGlobal
